
Microsoft Visual Studio Solution File, Format Version 12.00
# Visual Studio Version 17
VisualStudioVersion = 17.8.34408.163
MinimumVisualStudioVersion = 10.0.40219.1
Project("{FAE04EC0-301F-11D3-BF4B-00C04F79EFBC}") = "ExamenRetry", "ExamenRetry.csproj", "{2992C956-2821-486F-8170-5D0BF66D8CEB}"
EndProject
Global
	GlobalSection(SolutionConfigurationPlatforms) = preSolution
		Debug|Any CPU = Debug|Any CPU
		Release|Any CPU = Release|Any CPU
	EndGlobalSection
	GlobalSection(ProjectConfigurationPlatforms) = postSolution
		{2992C956-2821-486F-8170-5D0BF66D8CEB}.Debug|Any CPU.ActiveCfg = Debug|Any CPU
		{2992C956-2821-486F-8170-5D0BF66D8CEB}.Debug|Any CPU.Build.0 = Debug|Any CPU
		{2992C956-2821-486F-8170-5D0BF66D8CEB}.Release|Any CPU.ActiveCfg = Release|Any CPU
		{2992C956-2821-486F-8170-5D0BF66D8CEB}.Release|Any CPU.Build.0 = Release|Any CPU
	EndGlobalSection
	GlobalSection(SolutionProperties) = preSolution
		HideSolutionNode = FALSE
	EndGlobalSection
	GlobalSection(ExtensibilityGlobals) = postSolution
		SolutionGuid = {2DDA8236-BA63-40AA-8634-72978949EB6A}
	EndGlobalSection
EndGlobal
