
Microsoft Visual Studio Solution File, Format Version 12.00
# Visual Studio Version 17
VisualStudioVersion = 17.7.34031.279
MinimumVisualStudioVersion = 10.0.40219.1
Project("{FAE04EC0-301F-11D3-BF4B-00C04F79EFBC}") = "Console App", "Console App.csproj", "{750DF287-CBFB-4510-A82B-1581B218C3B9}"
EndProject
Global
	GlobalSection(SolutionConfigurationPlatforms) = preSolution
		Debug|Any CPU = Debug|Any CPU
		Release|Any CPU = Release|Any CPU
	EndGlobalSection
	GlobalSection(ProjectConfigurationPlatforms) = postSolution
		{750DF287-CBFB-4510-A82B-1581B218C3B9}.Debug|Any CPU.ActiveCfg = Debug|Any CPU
		{750DF287-CBFB-4510-A82B-1581B218C3B9}.Debug|Any CPU.Build.0 = Debug|Any CPU
		{750DF287-CBFB-4510-A82B-1581B218C3B9}.Release|Any CPU.ActiveCfg = Release|Any CPU
		{750DF287-CBFB-4510-A82B-1581B218C3B9}.Release|Any CPU.Build.0 = Release|Any CPU
	EndGlobalSection
	GlobalSection(SolutionProperties) = preSolution
		HideSolutionNode = FALSE
	EndGlobalSection
	GlobalSection(ExtensibilityGlobals) = postSolution
		SolutionGuid = {14045B5C-6473-44DF-8403-43768C60E8C5}
	EndGlobalSection
EndGlobal
